
Microsoft Visual Studio Solution File, Format Version 11.00
# Visual Studio 2010 Express for Windows Phone
Project("{FAE04EC0-301F-11D3-BF4B-00C04F79EFBC}") = "Amazing Ludo", "Amazing Ludo\Amazing Ludo.csproj", "{3082C738-B16F-44F9-A229-96B951351FE8}"
EndProject
Global
	GlobalSection(SolutionConfigurationPlatforms) = preSolution
		Debug|Any CPU = Debug|Any CPU
		Release|Any CPU = Release|Any CPU
	EndGlobalSection
	GlobalSection(ProjectConfigurationPlatforms) = postSolution
		{3082C738-B16F-44F9-A229-96B951351FE8}.Debug|Any CPU.ActiveCfg = Debug|Any CPU
		{3082C738-B16F-44F9-A229-96B951351FE8}.Debug|Any CPU.Build.0 = Debug|Any CPU
		{3082C738-B16F-44F9-A229-96B951351FE8}.Debug|Any CPU.Deploy.0 = Debug|Any CPU
		{3082C738-B16F-44F9-A229-96B951351FE8}.Release|Any CPU.ActiveCfg = Release|Any CPU
		{3082C738-B16F-44F9-A229-96B951351FE8}.Release|Any CPU.Build.0 = Release|Any CPU
		{3082C738-B16F-44F9-A229-96B951351FE8}.Release|Any CPU.Deploy.0 = Release|Any CPU
	EndGlobalSection
	GlobalSection(SolutionProperties) = preSolution
		HideSolutionNode = FALSE
	EndGlobalSection
EndGlobal
